
Microsoft Visual Studio Solution File, Format Version 12.00
# Visual Studio Version 17
VisualStudioVersion = 17.5.33516.290
MinimumVisualStudioVersion = 10.0.40219.1
Project("{9A19103F-16F7-4668-BE54-9A1E7A4F7556}") = "Migration.Toolkit.Sitefinity", "src\Migration.Toolkit.Sitefinity\Migration.Toolkit.Sitefinity.csproj", "{9A227788-F846-4CD9-A15E-E77A45EA0B69}"
EndProject
Project("{2150E333-8FDC-42A3-9474-1A3956D46DE8}") = "Examples", "Examples", "{04A30A9E-E550-4794-9CE9-3B2896B5A21E}"
EndProject
Project("{9A19103F-16F7-4668-BE54-9A1E7A4F7556}") = "Migration.Toolkit.Sitefinity.Console", "examples\Migration.Toolkit.Sitefinity.Console\Migration.Toolkit.Sitefinity.Console.csproj", "{47368880-B419-4E1F-BFED-9D0194FF5115}"
EndProject
Project("{9A19103F-16F7-4668-BE54-9A1E7A4F7556}") = "Migration.Toolkit.Sitefinity.Data", "src\Migration.Toolkit.Sitefinity.Data\Migration.Toolkit.Sitefinity.Data.csproj", "{5C41071E-8761-4F56-AEAF-0194F47010A5}"
EndProject
Global
	GlobalSection(SolutionConfigurationPlatforms) = preSolution
		Debug|Any CPU = Debug|Any CPU
		Release|Any CPU = Release|Any CPU
	EndGlobalSection
	GlobalSection(ProjectConfigurationPlatforms) = postSolution
		{9A227788-F846-4CD9-A15E-E77A45EA0B69}.Debug|Any CPU.ActiveCfg = Debug|Any CPU
		{9A227788-F846-4CD9-A15E-E77A45EA0B69}.Debug|Any CPU.Build.0 = Debug|Any CPU
		{9A227788-F846-4CD9-A15E-E77A45EA0B69}.Release|Any CPU.ActiveCfg = Release|Any CPU
		{9A227788-F846-4CD9-A15E-E77A45EA0B69}.Release|Any CPU.Build.0 = Release|Any CPU
		{47368880-B419-4E1F-BFED-9D0194FF5115}.Debug|Any CPU.ActiveCfg = Debug|Any CPU
		{47368880-B419-4E1F-BFED-9D0194FF5115}.Debug|Any CPU.Build.0 = Debug|Any CPU
		{47368880-B419-4E1F-BFED-9D0194FF5115}.Release|Any CPU.ActiveCfg = Release|Any CPU
		{47368880-B419-4E1F-BFED-9D0194FF5115}.Release|Any CPU.Build.0 = Release|Any CPU
		{5C41071E-8761-4F56-AEAF-0194F47010A5}.Debug|Any CPU.ActiveCfg = Debug|Any CPU
		{5C41071E-8761-4F56-AEAF-0194F47010A5}.Debug|Any CPU.Build.0 = Debug|Any CPU
		{5C41071E-8761-4F56-AEAF-0194F47010A5}.Release|Any CPU.ActiveCfg = Release|Any CPU
		{5C41071E-8761-4F56-AEAF-0194F47010A5}.Release|Any CPU.Build.0 = Release|Any CPU
	EndGlobalSection
	GlobalSection(SolutionProperties) = preSolution
		HideSolutionNode = FALSE
	EndGlobalSection
	GlobalSection(NestedProjects) = preSolution
		{47368880-B419-4E1F-BFED-9D0194FF5115} = {04A30A9E-E550-4794-9CE9-3B2896B5A21E}
	EndGlobalSection
	GlobalSection(ExtensibilityGlobals) = postSolution
		SolutionGuid = {1B2A20BC-F57B-4AAE-B1C2-E4DC52EFCAC5}
	EndGlobalSection
EndGlobal
